// !$*UTF8*$!
{
	archiveVersion = 1;
	classes = {
	};
	objectVersion = 77;
	objects = {

/* Begin PBXBuildFile section */
		2D5774002E564CC300ADEF45 /* FirebaseAI in Frameworks */ = {isa = PBXBuildFile; productRef = 2D5773FF2E564CC300ADEF45 /* FirebaseAI */; };
		2D5774022E564CC300ADEF45 /* FirebaseAnalytics in Frameworks */ = {isa = PBXBuildFile; productRef = 2D5774012E564CC300ADEF45 /* FirebaseAnalytics */; };
		2D5774042E564CC300ADEF45 /* FirebaseAnalyticsCore in Frameworks */ = {isa = PBXBuildFile; productRef = 2D5774032E564CC300ADEF45 /* FirebaseAnalyticsCore */; };
		2D5774062E564CC300ADEF45 /* FirebaseAnalyticsIdentitySupport in Frameworks */ = {isa = PBXBuildFile; productRef = 2D5774052E564CC300ADEF45 /* FirebaseAnalyticsIdentitySupport */; };
		2D5774082E564CC300ADEF45 /* FirebaseAppCheck in Frameworks */ = {isa = PBXBuildFile; productRef = 2D5774072E564CC300ADEF45 /* FirebaseAppCheck */; };
		2D57740A2E564F2700ADEF45 /* FirebaseAppDistribution-Beta in Frameworks */ = {isa = PBXBuildFile; productRef = 2D5774092E564F2700ADEF45 /* FirebaseAppDistribution-Beta */; };
		2D57740C2E564F2700ADEF45 /* FirebaseAuth in Frameworks */ = {isa = PBXBuildFile; productRef = 2D57740B2E564F2700ADEF45 /* FirebaseAuth */; };
		2D57740E2E564F2700ADEF45 /* FirebaseAuthCombine-Community in Frameworks */ = {isa = PBXBuildFile; productRef = 2D57740D2E564F2700ADEF45 /* FirebaseAuthCombine-Community */; };
		2D5774102E564F2700ADEF45 /* FirebaseCore in Frameworks */ = {isa = PBXBuildFile; productRef = 2D57740F2E564F2700ADEF45 /* FirebaseCore */; };
		2D5774122E564F2700ADEF45 /* FirebaseCrashlytics in Frameworks */ = {isa = PBXBuildFile; productRef = 2D5774112E564F2700ADEF45 /* FirebaseCrashlytics */; };
		2D5774142E564F2700ADEF45 /* FirebaseDatabase in Frameworks */ = {isa = PBXBuildFile; productRef = 2D5774132E564F2700ADEF45 /* FirebaseDatabase */; };
		2D5774162E564F2700ADEF45 /* FirebaseFirestore in Frameworks */ = {isa = PBXBuildFile; productRef = 2D5774152E564F2700ADEF45 /* FirebaseFirestore */; };
		2D5774182E564F2700ADEF45 /* FirebaseFirestoreCombine-Community in Frameworks */ = {isa = PBXBuildFile; productRef = 2D5774172E564F2700ADEF45 /* FirebaseFirestoreCombine-Community */; };
		2D57741A2E564F2700ADEF45 /* FirebaseFunctions in Frameworks */ = {isa = PBXBuildFile; productRef = 2D5774192E564F2700ADEF45 /* FirebaseFunctions */; };
		2D57741C2E564F2700ADEF45 /* FirebaseFunctionsCombine-Community in Frameworks */ = {isa = PBXBuildFile; productRef = 2D57741B2E564F2700ADEF45 /* FirebaseFunctionsCombine-Community */; };
		2D57741E2E564F2700ADEF45 /* FirebaseInAppMessaging-Beta in Frameworks */ = {isa = PBXBuildFile; productRef = 2D57741D2E564F2700ADEF45 /* FirebaseInAppMessaging-Beta */; };
		2D5774202E564F2700ADEF45 /* FirebaseInstallations in Frameworks */ = {isa = PBXBuildFile; productRef = 2D57741F2E564F2700ADEF45 /* FirebaseInstallations */; };
		2D5774222E564F2700ADEF45 /* FirebaseMLModelDownloader in Frameworks */ = {isa = PBXBuildFile; productRef = 2D5774212E564F2700ADEF45 /* FirebaseMLModelDownloader */; };
		2D5774242E564F2700ADEF45 /* FirebaseMessaging in Frameworks */ = {isa = PBXBuildFile; productRef = 2D5774232E564F2700ADEF45 /* FirebaseMessaging */; };
		2D5774262E564F2700ADEF45 /* FirebasePerformance in Frameworks */ = {isa = PBXBuildFile; productRef = 2D5774252E564F2700ADEF45 /* FirebasePerformance */; };
		2D5774282E564F2700ADEF45 /* FirebaseRemoteConfig in Frameworks */ = {isa = PBXBuildFile; productRef = 2D5774272E564F2700ADEF45 /* FirebaseRemoteConfig */; };
		2D57742A2E564F2700ADEF45 /* FirebaseStorage in Frameworks */ = {isa = PBXBuildFile; productRef = 2D5774292E564F2700ADEF45 /* FirebaseStorage */; };
		2D57742C2E564F2700ADEF45 /* FirebaseStorageCombine-Community in Frameworks */ = {isa = PBXBuildFile; productRef = 2D57742B2E564F2700ADEF45 /* FirebaseStorageCombine-Community */; };
/* End PBXBuildFile section */

/* Begin PBXContainerItemProxy section */
		2D0F42912E55CB5D005FDB44 /* PBXContainerItemProxy */ = {
			isa = PBXContainerItemProxy;
			containerPortal = 2D0F427B2E55CB58005FDB44 /* Project object */;
			proxyType = 1;
			remoteGlobalIDString = 2D0F42822E55CB58005FDB44;
			remoteInfo = MutualFundsApp;
		};
		2D0F429B2E55CB5D005FDB44 /* PBXContainerItemProxy */ = {
			isa = PBXContainerItemProxy;
			containerPortal = 2D0F427B2E55CB58005FDB44 /* Project object */;
			proxyType = 1;
			remoteGlobalIDString = 2D0F42822E55CB58005FDB44;
			remoteInfo = MutualFundsApp;
		};
/* End PBXContainerItemProxy section */

/* Begin PBXFileReference section */
		2D0F42832E55CB58005FDB44 /* MutualFundsApp.app */ = {isa = PBXFileReference; explicitFileType = wrapper.application; includeInIndex = 0; path = MutualFundsApp.app; sourceTree = BUILT_PRODUCTS_DIR; };
		2D0F42902E55CB5D005FDB44 /* MutualFundsAppTests.xctest */ = {isa = PBXFileReference; explicitFileType = wrapper.cfbundle; includeInIndex = 0; path = MutualFundsAppTests.xctest; sourceTree = BUILT_PRODUCTS_DIR; };
		2D0F429A2E55CB5D005FDB44 /* MutualFundsAppUITests.xctest */ = {isa = PBXFileReference; explicitFileType = wrapper.cfbundle; includeInIndex = 0; path = MutualFundsAppUITests.xctest; sourceTree = BUILT_PRODUCTS_DIR; };
/* End PBXFileReference section */

/* Begin PBXFileSystemSynchronizedRootGroup section */
		2D0F42852E55CB58005FDB44 /* MutualFundsApp */ = {
			isa = PBXFileSystemSynchronizedRootGroup;
			path = MutualFundsApp;
			sourceTree = "<group>";
		};
		2D0F42932E55CB5D005FDB44 /* MutualFundsAppTests */ = {
			isa = PBXFileSystemSynchronizedRootGroup;
			path = MutualFundsAppTests;
			sourceTree = "<group>";
		};
		2D0F429D2E55CB5D005FDB44 /* MutualFundsAppUITests */ = {
			isa = PBXFileSystemSynchronizedRootGroup;
			path = MutualFundsAppUITests;
			sourceTree = "<group>";
		};
/* End PBXFileSystemSynchronizedRootGroup section */

/* Begin PBXFrameworksBuildPhase section */
		2D0F42802E55CB58005FDB44 /* Frameworks */ = {
			isa = PBXFrameworksBuildPhase;
			buildActionMask = 2147483647;
			files = (
				2D5774182E564F2700ADEF45 /* FirebaseFirestoreCombine-Community in Frameworks */,
				2D57741A2E564F2700ADEF45 /* FirebaseFunctions in Frameworks */,
				2D5774262E564F2700ADEF45 /* FirebasePerformance in Frameworks */,
				2D57742C2E564F2700ADEF45 /* FirebaseStorageCombine-Community in Frameworks */,
				2D5774282E564F2700ADEF45 /* FirebaseRemoteConfig in Frameworks */,
				2D5774062E564CC300ADEF45 /* FirebaseAnalyticsIdentitySupport in Frameworks */,
				2D5774022E564CC300ADEF45 /* FirebaseAnalytics in Frameworks */,
				2D5774042E564CC300ADEF45 /* FirebaseAnalyticsCore in Frameworks */,
				2D5774082E564CC300ADEF45 /* FirebaseAppCheck in Frameworks */,
				2D5774002E564CC300ADEF45 /* FirebaseAI in Frameworks */,
				2D5774162E564F2700ADEF45 /* FirebaseFirestore in Frameworks */,
				2D5774242E564F2700ADEF45 /* FirebaseMessaging in Frameworks */,
				2D5774202E564F2700ADEF45 /* FirebaseInstallations in Frameworks */,
				2D57741C2E564F2700ADEF45 /* FirebaseFunctionsCombine-Community in Frameworks */,
				2D57740C2E564F2700ADEF45 /* FirebaseAuth in Frameworks */,
				2D57740A2E564F2700ADEF45 /* FirebaseAppDistribution-Beta in Frameworks */,
				2D57741E2E564F2700ADEF45 /* FirebaseInAppMessaging-Beta in Frameworks */,
				2D5774122E564F2700ADEF45 /* FirebaseCrashlytics in Frameworks */,
				2D5774142E564F2700ADEF45 /* FirebaseDatabase in Frameworks */,
				2D5774222E564F2700ADEF45 /* FirebaseMLModelDownloader in Frameworks */,
				2D57742A2E564F2700ADEF45 /* FirebaseStorage in Frameworks */,
				2D5774102E564F2700ADEF45 /* FirebaseCore in Frameworks */,
				2D57740E2E564F2700ADEF45 /* FirebaseAuthCombine-Community in Frameworks */,
			);
			runOnlyForDeploymentPostprocessing = 0;
		};
		2D0F428D2E55CB5D005FDB44 /* Frameworks */ = {
			isa = PBXFrameworksBuildPhase;
			buildActionMask = 2147483647;
			files = (
			);
			runOnlyForDeploymentPostprocessing = 0;
		};
		2D0F42972E55CB5D005FDB44 /* Frameworks */ = {
			isa = PBXFrameworksBuildPhase;
			buildActionMask = 2147483647;
			files = (
			);
			runOnlyForDeploymentPostprocessing = 0;
		};
/* End PBXFrameworksBuildPhase section */

/* Begin PBXGroup section */
		2D0F427A2E55CB58005FDB44 = {
			isa = PBXGroup;
			children = (
				2D0F42852E55CB58005FDB44 /* MutualFundsApp */,
				2D0F42932E55CB5D005FDB44 /* MutualFundsAppTests */,
				2D0F429D2E55CB5D005FDB44 /* MutualFundsAppUITests */,
				2D0F42842E55CB58005FDB44 /* Products */,
			);
			sourceTree = "<group>";
		};
		2D0F42842E55CB58005FDB44 /* Products */ = {
			isa = PBXGroup;
			children = (
				2D0F42832E55CB58005FDB44 /* MutualFundsApp.app */,
				2D0F42902E55CB5D005FDB44 /* MutualFundsAppTests.xctest */,
				2D0F429A2E55CB5D005FDB44 /* MutualFundsAppUITests.xctest */,
			);
			name = Products;
			sourceTree = "<group>";
		};
/* End PBXGroup section */

/* Begin PBXNativeTarget section */
		2D0F42822E55CB58005FDB44 /* MutualFundsApp */ = {
			isa = PBXNativeTarget;
			buildConfigurationList = 2D0F42A42E55CB5D005FDB44 /* Build configuration list for PBXNativeTarget "MutualFundsApp" */;
			buildPhases = (
				2D0F427F2E55CB58005FDB44 /* Sources */,
				2D0F42802E55CB58005FDB44 /* Frameworks */,
				2D0F42812E55CB58005FDB44 /* Resources */,
			);
			buildRules = (
			);
			dependencies = (
			);
			fileSystemSynchronizedGroups = (
				2D0F42852E55CB58005FDB44 /* MutualFundsApp */,
			);
			name = MutualFundsApp;
			packageProductDependencies = (
				2D5773FF2E564CC300ADEF45 /* FirebaseAI */,
				2D5774012E564CC300ADEF45 /* FirebaseAnalytics */,
				2D5774032E564CC300ADEF45 /* FirebaseAnalyticsCore */,
				2D5774052E564CC300ADEF45 /* FirebaseAnalyticsIdentitySupport */,
				2D5774072E564CC300ADEF45 /* FirebaseAppCheck */,
				2D5774092E564F2700ADEF45 /* FirebaseAppDistribution-Beta */,
				2D57740B2E564F2700ADEF45 /* FirebaseAuth */,
				2D57740D2E564F2700ADEF45 /* FirebaseAuthCombine-Community */,
				2D57740F2E564F2700ADEF45 /* FirebaseCore */,
				2D5774112E564F2700ADEF45 /* FirebaseCrashlytics */,
				2D5774132E564F2700ADEF45 /* FirebaseDatabase */,
				2D5774152E564F2700ADEF45 /* FirebaseFirestore */,
				2D5774172E564F2700ADEF45 /* FirebaseFirestoreCombine-Community */,
				2D5774192E564F2700ADEF45 /* FirebaseFunctions */,
				2D57741B2E564F2700ADEF45 /* FirebaseFunctionsCombine-Community */,
				2D57741D2E564F2700ADEF45 /* FirebaseInAppMessaging-Beta */,
				2D57741F2E564F2700ADEF45 /* FirebaseInstallations */,
				2D5774212E564F2700ADEF45 /* FirebaseMLModelDownloader */,
				2D5774232E564F2700ADEF45 /* FirebaseMessaging */,
				2D5774252E564F2700ADEF45 /* FirebasePerformance */,
				2D5774272E564F2700ADEF45 /* FirebaseRemoteConfig */,
				2D5774292E564F2700ADEF45 /* FirebaseStorage */,
				2D57742B2E564F2700ADEF45 /* FirebaseStorageCombine-Community */,
			);
			productName = MutualFundsApp;
			productReference = 2D0F42832E55CB58005FDB44 /* MutualFundsApp.app */;
			productType = "com.apple.product-type.application";
		};
		2D0F428F2E55CB5D005FDB44 /* MutualFundsAppTests */ = {
			isa = PBXNativeTarget;
			buildConfigurationList = 2D0F42A72E55CB5D005FDB44 /* Build configuration list for PBXNativeTarget "MutualFundsAppTests" */;
			buildPhases = (
				2D0F428C2E55CB5D005FDB44 /* Sources */,
				2D0F428D2E55CB5D005FDB44 /* Frameworks */,
				2D0F428E2E55CB5D005FDB44 /* Resources */,
			);
			buildRules = (
			);
			dependencies = (
				2D0F42922E55CB5D005FDB44 /* PBXTargetDependency */,
			);
			fileSystemSynchronizedGroups = (
				2D0F42932E55CB5D005FDB44 /* MutualFundsAppTests */,
			);
			name = MutualFundsAppTests;
			packageProductDependencies = (
			);
			productName = MutualFundsAppTests;
			productReference = 2D0F42902E55CB5D005FDB44 /* MutualFundsAppTests.xctest */;
			productType = "com.apple.product-type.bundle.unit-test";
		};
		2D0F42992E55CB5D005FDB44 /* MutualFundsAppUITests */ = {
			isa = PBXNativeTarget;
			buildConfigurationList = 2D0F42AA2E55CB5D005FDB44 /* Build configuration list for PBXNativeTarget "MutualFundsAppUITests" */;
			buildPhases = (
				2D0F42962E55CB5D005FDB44 /* Sources */,
				2D0F42972E55CB5D005FDB44 /* Frameworks */,
				2D0F42982E55CB5D005FDB44 /* Resources */,
			);
			buildRules = (
			);
			dependencies = (
				2D0F429C2E55CB5D005FDB44 /* PBXTargetDependency */,
			);
			fileSystemSynchronizedGroups = (
				2D0F429D2E55CB5D005FDB44 /* MutualFundsAppUITests */,
			);
			name = MutualFundsAppUITests;
			packageProductDependencies = (
			);
			productName = MutualFundsAppUITests;
			productReference = 2D0F429A2E55CB5D005FDB44 /* MutualFundsAppUITests.xctest */;
			productType = "com.apple.product-type.bundle.ui-testing";
		};
/* End PBXNativeTarget section */

/* Begin PBXProject section */
		2D0F427B2E55CB58005FDB44 /* Project object */ = {
			isa = PBXProject;
			attributes = {
				BuildIndependentTargetsInParallel = 1;
				LastSwiftUpdateCheck = 2600;
				LastUpgradeCheck = 2600;
				TargetAttributes = {
					2D0F42822E55CB58005FDB44 = {
						CreatedOnToolsVersion = 26.0;
					};
					2D0F428F2E55CB5D005FDB44 = {
						CreatedOnToolsVersion = 26.0;
						TestTargetID = 2D0F42822E55CB58005FDB44;
					};
					2D0F42992E55CB5D005FDB44 = {
						CreatedOnToolsVersion = 26.0;
						TestTargetID = 2D0F42822E55CB58005FDB44;
					};
				};
			};
			buildConfigurationList = 2D0F427E2E55CB58005FDB44 /* Build configuration list for PBXProject "MutualFundsApp" */;
			developmentRegion = en;
			hasScannedForEncodings = 0;
			knownRegions = (
				en,
				Base,
			);
			mainGroup = 2D0F427A2E55CB58005FDB44;
			minimizedProjectReferenceProxies = 1;
			packageReferences = (
				2D5773FE2E564CC300ADEF45 /* XCRemoteSwiftPackageReference "firebase-ios-sdk" */,
			);
			preferredProjectObjectVersion = 77;
			productRefGroup = 2D0F42842E55CB58005FDB44 /* Products */;
			projectDirPath = "";
			projectRoot = "";
			targets = (
				2D0F42822E55CB58005FDB44 /* MutualFundsApp */,
				2D0F428F2E55CB5D005FDB44 /* MutualFundsAppTests */,
				2D0F42992E55CB5D005FDB44 /* MutualFundsAppUITests */,
			);
		};
/* End PBXProject section */

/* Begin PBXResourcesBuildPhase section */
		2D0F42812E55CB58005FDB44 /* Resources */ = {
			isa = PBXResourcesBuildPhase;
			buildActionMask = 2147483647;
			files = (
			);
			runOnlyForDeploymentPostprocessing = 0;
		};
		2D0F428E2E55CB5D005FDB44 /* Resources */ = {
			isa = PBXResourcesBuildPhase;
			buildActionMask = 2147483647;
			files = (
			);
			runOnlyForDeploymentPostprocessing = 0;
		};
		2D0F42982E55CB5D005FDB44 /* Resources */ = {
			isa = PBXResourcesBuildPhase;
			buildActionMask = 2147483647;
			files = (
			);
			runOnlyForDeploymentPostprocessing = 0;
		};
/* End PBXResourcesBuildPhase section */

/* Begin PBXSourcesBuildPhase section */
		2D0F427F2E55CB58005FDB44 /* Sources */ = {
			isa = PBXSourcesBuildPhase;
			buildActionMask = 2147483647;
			files = (
			);
			runOnlyForDeploymentPostprocessing = 0;
		};
		2D0F428C2E55CB5D005FDB44 /* Sources */ = {
			isa = PBXSourcesBuildPhase;
			buildActionMask = 2147483647;
			files = (
			);
			runOnlyForDeploymentPostprocessing = 0;
		};
		2D0F42962E55CB5D005FDB44 /* Sources */ = {
			isa = PBXSourcesBuildPhase;
			buildActionMask = 2147483647;
			files = (
			);
			runOnlyForDeploymentPostprocessing = 0;
		};
/* End PBXSourcesBuildPhase section */

/* Begin PBXTargetDependency section */
		2D0F42922E55CB5D005FDB44 /* PBXTargetDependency */ = {
			isa = PBXTargetDependency;
			target = 2D0F42822E55CB58005FDB44 /* MutualFundsApp */;
			targetProxy = 2D0F42912E55CB5D005FDB44 /* PBXContainerItemProxy */;
		};
		2D0F429C2E55CB5D005FDB44 /* PBXTargetDependency */ = {
			isa = PBXTargetDependency;
			target = 2D0F42822E55CB58005FDB44 /* MutualFundsApp */;
			targetProxy = 2D0F429B2E55CB5D005FDB44 /* PBXContainerItemProxy */;
		};
/* End PBXTargetDependency section */

/* Begin XCBuildConfiguration section */
		2D0F42A22E55CB5D005FDB44 /* Debug */ = {
			isa = XCBuildConfiguration;
			buildSettings = {
				ALWAYS_SEARCH_USER_PATHS = NO;
				ASSETCATALOG_COMPILER_GENERATE_SWIFT_ASSET_SYMBOL_EXTENSIONS = YES;
				CLANG_ANALYZER_NONNULL = YES;
				CLANG_ANALYZER_NUMBER_OBJECT_CONVERSION = YES_AGGRESSIVE;
				CLANG_CXX_LANGUAGE_STANDARD = "gnu++20";
				CLANG_ENABLE_MODULES = YES;
				CLANG_ENABLE_OBJC_ARC = YES;
				CLANG_ENABLE_OBJC_WEAK = YES;
				CLANG_WARN_BLOCK_CAPTURE_AUTORELEASING = YES;
				CLANG_WARN_BOOL_CONVERSION = YES;
				CLANG_WARN_COMMA = YES;
				CLANG_WARN_CONSTANT_CONVERSION = YES;
				CLANG_WARN_DEPRECATED_OBJC_IMPLEMENTATIONS = YES;
				CLANG_WARN_DIRECT_OBJC_ISA_USAGE = YES_ERROR;
				CLANG_WARN_DOCUMENTATION_COMMENTS = YES;
				CLANG_WARN_EMPTY_BODY = YES;
				CLANG_WARN_ENUM_CONVERSION = YES;
				CLANG_WARN_INFINITE_RECURSION = YES;
				CLANG_WARN_INT_CONVERSION = YES;
				CLANG_WARN_NON_LITERAL_NULL_CONVERSION = YES;
				CLANG_WARN_OBJC_IMPLICIT_RETAIN_SELF = YES;
				CLANG_WARN_OBJC_LITERAL_CONVERSION = YES;
				CLANG_WARN_OBJC_ROOT_CLASS = YES_ERROR;
				CLANG_WARN_QUOTED_INCLUDE_IN_FRAMEWORK_HEADER = YES;
				CLANG_WARN_RANGE_LOOP_ANALYSIS = YES;
				CLANG_WARN_STRICT_PROTOTYPES = YES;
				CLANG_WARN_SUSPICIOUS_MOVE = YES;
				CLANG_WARN_UNGUARDED_AVAILABILITY = YES_AGGRESSIVE;
				CLANG_WARN_UNREACHABLE_CODE = YES;
				CLANG_WARN__DUPLICATE_METHOD_MATCH = YES;
				COPY_PHASE_STRIP = NO;
				DEBUG_INFORMATION_FORMAT = dwarf;
				DEVELOPMENT_TEAM = SSTCZSNDCZ;
				ENABLE_STRICT_OBJC_MSGSEND = YES;
				ENABLE_TESTABILITY = YES;
				ENABLE_USER_SCRIPT_SANDBOXING = YES;
				GCC_C_LANGUAGE_STANDARD = gnu17;
				GCC_DYNAMIC_NO_PIC = NO;
				GCC_NO_COMMON_BLOCKS = YES;
				GCC_OPTIMIZATION_LEVEL = 0;
				GCC_PREPROCESSOR_DEFINITIONS = (
					"DEBUG=1",
					"$(inherited)",
				);
				GCC_WARN_64_TO_32_BIT_CONVERSION = YES;
				GCC_WARN_ABOUT_RETURN_TYPE = YES_ERROR;
				GCC_WARN_UNDECLARED_SELECTOR = YES;
				GCC_WARN_UNINITIALIZED_AUTOS = YES_AGGRESSIVE;
				GCC_WARN_UNUSED_FUNCTION = YES;
				GCC_WARN_UNUSED_VARIABLE = YES;
				IPHONEOS_DEPLOYMENT_TARGET = 26.0;
				LOCALIZATION_PREFERS_STRING_CATALOGS = YES;
				MTL_ENABLE_DEBUG_INFO = INCLUDE_SOURCE;
				MTL_FAST_MATH = YES;
				ONLY_ACTIVE_ARCH = YES;
				SDKROOT = iphoneos;
				SWIFT_ACTIVE_COMPILATION_CONDITIONS = "DEBUG $(inherited)";
				SWIFT_OPTIMIZATION_LEVEL = "-Onone";
			};
			name = Debug;
		};
		2D0F42A32E55CB5D005FDB44 /* Release */ = {
			isa = XCBuildConfiguration;
			buildSettings = {
				ALWAYS_SEARCH_USER_PATHS = NO;
				ASSETCATALOG_COMPILER_GENERATE_SWIFT_ASSET_SYMBOL_EXTENSIONS = YES;
				CLANG_ANALYZER_NONNULL = YES;
				CLANG_ANALYZER_NUMBER_OBJECT_CONVERSION = YES_AGGRESSIVE;
				CLANG_CXX_LANGUAGE_STANDARD = "gnu++20";
				CLANG_ENABLE_MODULES = YES;
				CLANG_ENABLE_OBJC_ARC = YES;
				CLANG_ENABLE_OBJC_WEAK = YES;
				CLANG_WARN_BLOCK_CAPTURE_AUTORELEASING = YES;
				CLANG_WARN_BOOL_CONVERSION = YES;
				CLANG_WARN_COMMA = YES;
				CLANG_WARN_CONSTANT_CONVERSION = YES;
				CLANG_WARN_DEPRECATED_OBJC_IMPLEMENTATIONS = YES;
				CLANG_WARN_DIRECT_OBJC_ISA_USAGE = YES_ERROR;
				CLANG_WARN_DOCUMENTATION_COMMENTS = YES;
				CLANG_WARN_EMPTY_BODY = YES;
				CLANG_WARN_ENUM_CONVERSION = YES;
				CLANG_WARN_INFINITE_RECURSION = YES;
				CLANG_WARN_INT_CONVERSION = YES;
				CLANG_WARN_NON_LITERAL_NULL_CONVERSION = YES;
				CLANG_WARN_OBJC_IMPLICIT_RETAIN_SELF = YES;
				CLANG_WARN_OBJC_LITERAL_CONVERSION = YES;
				CLANG_WARN_OBJC_ROOT_CLASS = YES_ERROR;
				CLANG_WARN_QUOTED_INCLUDE_IN_FRAMEWORK_HEADER = YES;
				CLANG_WARN_RANGE_LOOP_ANALYSIS = YES;
				CLANG_WARN_STRICT_PROTOTYPES = YES;
				CLANG_WARN_SUSPICIOUS_MOVE = YES;
				CLANG_WARN_UNGUARDED_AVAILABILITY = YES_AGGRESSIVE;
				CLANG_WARN_UNREACHABLE_CODE = YES;
				CLANG_WARN__DUPLICATE_METHOD_MATCH = YES;
				COPY_PHASE_STRIP = NO;
				DEBUG_INFORMATION_FORMAT = "dwarf-with-dsym";
				DEVELOPMENT_TEAM = SSTCZSNDCZ;
				ENABLE_NS_ASSERTIONS = NO;
				ENABLE_STRICT_OBJC_MSGSEND = YES;
				ENABLE_USER_SCRIPT_SANDBOXING = YES;
				GCC_C_LANGUAGE_STANDARD = gnu17;
				GCC_NO_COMMON_BLOCKS = YES;
				GCC_WARN_64_TO_32_BIT_CONVERSION = YES;
				GCC_WARN_ABOUT_RETURN_TYPE = YES_ERROR;
				GCC_WARN_UNDECLARED_SELECTOR = YES;
				GCC_WARN_UNINITIALIZED_AUTOS = YES_AGGRESSIVE;
				GCC_WARN_UNUSED_FUNCTION = YES;
				GCC_WARN_UNUSED_VARIABLE = YES;
				IPHONEOS_DEPLOYMENT_TARGET = 26.0;
				LOCALIZATION_PREFERS_STRING_CATALOGS = YES;
				MTL_ENABLE_DEBUG_INFO = NO;
				MTL_FAST_MATH = YES;
				SDKROOT = iphoneos;
				SWIFT_COMPILATION_MODE = wholemodule;
				VALIDATE_PRODUCT = YES;
			};
			name = Release;
		};
		2D0F42A52E55CB5D005FDB44 /* Debug */ = {
			isa = XCBuildConfiguration;
			buildSettings = {
				ASSETCATALOG_COMPILER_APPICON_NAME = AppIcon;
				ASSETCATALOG_COMPILER_GLOBAL_ACCENT_COLOR_NAME = AccentColor;
				CODE_SIGN_STYLE = Automatic;
				CURRENT_PROJECT_VERSION = 1;
				DEVELOPMENT_TEAM = SSTCZSNDCZ;
				ENABLE_PREVIEWS = YES;
				GENERATE_INFOPLIST_FILE = YES;
				INFOPLIST_KEY_UIApplicationSceneManifest_Generation = YES;
				INFOPLIST_KEY_UIApplicationSupportsIndirectInputEvents = YES;
				INFOPLIST_KEY_UILaunchScreen_Generation = YES;
				INFOPLIST_KEY_UISupportedInterfaceOrientations_iPad = "UIInterfaceOrientationPortrait UIInterfaceOrientationPortraitUpsideDown UIInterfaceOrientationLandscapeLeft UIInterfaceOrientationLandscapeRight";
				INFOPLIST_KEY_UISupportedInterfaceOrientations_iPhone = "UIInterfaceOrientationPortrait UIInterfaceOrientationLandscapeLeft UIInterfaceOrientationLandscapeRight";
				LD_RUNPATH_SEARCH_PATHS = (
					"$(inherited)",
					"@executable_path/Frameworks",
				);
				MARKETING_VERSION = 1.0;
				PRODUCT_BUNDLE_IDENTIFIER = "vansh-personal.MutualFundsApp";
				PRODUCT_NAME = "$(TARGET_NAME)";
				STRING_CATALOG_GENERATE_SYMBOLS = YES;
				SWIFT_DEFAULT_ACTOR_ISOLATION = MainActor;
				SWIFT_EMIT_LOC_STRINGS = YES;
				SWIFT_UPCOMING_FEATURE_MEMBER_IMPORT_VISIBILITY = YES;
				SWIFT_VERSION = 5.0;
				TARGETED_DEVICE_FAMILY = "1,2";
			};
			name = Debug;
		};
		2D0F42A62E55CB5D005FDB44 /* Release */ = {
			isa = XCBuildConfiguration;
			buildSettings = {
				ASSETCATALOG_COMPILER_APPICON_NAME = AppIcon;
				ASSETCATALOG_COMPILER_GLOBAL_ACCENT_COLOR_NAME = AccentColor;
				CODE_SIGN_STYLE = Automatic;
				CURRENT_PROJECT_VERSION = 1;
				DEVELOPMENT_TEAM = SSTCZSNDCZ;
				ENABLE_PREVIEWS = YES;
				GENERATE_INFOPLIST_FILE = YES;
				INFOPLIST_KEY_UIApplicationSceneManifest_Generation = YES;
				INFOPLIST_KEY_UIApplicationSupportsIndirectInputEvents = YES;
				INFOPLIST_KEY_UILaunchScreen_Generation = YES;
				INFOPLIST_KEY_UISupportedInterfaceOrientations_iPad = "UIInterfaceOrientationPortrait UIInterfaceOrientationPortraitUpsideDown UIInterfaceOrientationLandscapeLeft UIInterfaceOrientationLandscapeRight";
				INFOPLIST_KEY_UISupportedInterfaceOrientations_iPhone = "UIInterfaceOrientationPortrait UIInterfaceOrientationLandscapeLeft UIInterfaceOrientationLandscapeRight";
				LD_RUNPATH_SEARCH_PATHS = (
					"$(inherited)",
					"@executable_path/Frameworks",
				);
				MARKETING_VERSION = 1.0;
				PRODUCT_BUNDLE_IDENTIFIER = "vansh-personal.MutualFundsApp";
				PRODUCT_NAME = "$(TARGET_NAME)";
				STRING_CATALOG_GENERATE_SYMBOLS = YES;
				SWIFT_DEFAULT_ACTOR_ISOLATION = MainActor;
				SWIFT_EMIT_LOC_STRINGS = YES;
				SWIFT_UPCOMING_FEATURE_MEMBER_IMPORT_VISIBILITY = YES;
				SWIFT_VERSION = 5.0;
				TARGETED_DEVICE_FAMILY = "1,2";
			};
			name = Release;
		};
		2D0F42A82E55CB5D005FDB44 /* Debug */ = {
			isa = XCBuildConfiguration;
			buildSettings = {
				BUNDLE_LOADER = "$(TEST_HOST)";
				CODE_SIGN_STYLE = Automatic;
				CURRENT_PROJECT_VERSION = 1;
				DEVELOPMENT_TEAM = SSTCZSNDCZ;
				GENERATE_INFOPLIST_FILE = YES;
				IPHONEOS_DEPLOYMENT_TARGET = 26.0;
				MARKETING_VERSION = 1.0;
				PRODUCT_BUNDLE_IDENTIFIER = "vansh-personal.MutualFundsAppTests";
				PRODUCT_NAME = "$(TARGET_NAME)";
				STRING_CATALOG_GENERATE_SYMBOLS = NO;
				SWIFT_EMIT_LOC_STRINGS = NO;
				SWIFT_UPCOMING_FEATURE_MEMBER_IMPORT_VISIBILITY = YES;
				SWIFT_VERSION = 5.0;
				TARGETED_DEVICE_FAMILY = "1,2";
				TEST_HOST = "$(BUILT_PRODUCTS_DIR)/MutualFundsApp.app/$(BUNDLE_EXECUTABLE_FOLDER_PATH)/MutualFundsApp";
			};
			name = Debug;
		};
		2D0F42A92E55CB5D005FDB44 /* Release */ = {
			isa = XCBuildConfiguration;
			buildSettings = {
				BUNDLE_LOADER = "$(TEST_HOST)";
				CODE_SIGN_STYLE = Automatic;
				CURRENT_PROJECT_VERSION = 1;
				DEVELOPMENT_TEAM = SSTCZSNDCZ;
				GENERATE_INFOPLIST_FILE = YES;
				IPHONEOS_DEPLOYMENT_TARGET = 26.0;
				MARKETING_VERSION = 1.0;
				PRODUCT_BUNDLE_IDENTIFIER = "vansh-personal.MutualFundsAppTests";
				PRODUCT_NAME = "$(TARGET_NAME)";
				STRING_CATALOG_GENERATE_SYMBOLS = NO;
				SWIFT_EMIT_LOC_STRINGS = NO;
				SWIFT_UPCOMING_FEATURE_MEMBER_IMPORT_VISIBILITY = YES;
				SWIFT_VERSION = 5.0;
				TARGETED_DEVICE_FAMILY = "1,2";
				TEST_HOST = "$(BUILT_PRODUCTS_DIR)/MutualFundsApp.app/$(BUNDLE_EXECUTABLE_FOLDER_PATH)/MutualFundsApp";
			};
			name = Release;
		};
		2D0F42AB2E55CB5D005FDB44 /* Debug */ = {
			isa = XCBuildConfiguration;
			buildSettings = {
				CODE_SIGN_STYLE = Automatic;
				CURRENT_PROJECT_VERSION = 1;
				DEVELOPMENT_TEAM = SSTCZSNDCZ;
				GENERATE_INFOPLIST_FILE = YES;
				MARKETING_VERSION = 1.0;
				PRODUCT_BUNDLE_IDENTIFIER = "vansh-personal.MutualFundsAppUITests";
				PRODUCT_NAME = "$(TARGET_NAME)";
				STRING_CATALOG_GENERATE_SYMBOLS = NO;
				SWIFT_EMIT_LOC_STRINGS = NO;
				SWIFT_UPCOMING_FEATURE_MEMBER_IMPORT_VISIBILITY = YES;
				SWIFT_VERSION = 5.0;
				TARGETED_DEVICE_FAMILY = "1,2";
				TEST_TARGET_NAME = MutualFundsApp;
			};
			name = Debug;
		};
		2D0F42AC2E55CB5D005FDB44 /* Release */ = {
			isa = XCBuildConfiguration;
			buildSettings = {
				CODE_SIGN_STYLE = Automatic;
				CURRENT_PROJECT_VERSION = 1;
				DEVELOPMENT_TEAM = SSTCZSNDCZ;
				GENERATE_INFOPLIST_FILE = YES;
				MARKETING_VERSION = 1.0;
				PRODUCT_BUNDLE_IDENTIFIER = "vansh-personal.MutualFundsAppUITests";
				PRODUCT_NAME = "$(TARGET_NAME)";
				STRING_CATALOG_GENERATE_SYMBOLS = NO;
				SWIFT_EMIT_LOC_STRINGS = NO;
				SWIFT_UPCOMING_FEATURE_MEMBER_IMPORT_VISIBILITY = YES;
				SWIFT_VERSION = 5.0;
				TARGETED_DEVICE_FAMILY = "1,2";
				TEST_TARGET_NAME = MutualFundsApp;
			};
			name = Release;
		};
/* End XCBuildConfiguration section */

/* Begin XCConfigurationList section */
		2D0F427E2E55CB58005FDB44 /* Build configuration list for PBXProject "MutualFundsApp" */ = {
			isa = XCConfigurationList;
			buildConfigurations = (
				2D0F42A22E55CB5D005FDB44 /* Debug */,
				2D0F42A32E55CB5D005FDB44 /* Release */,
			);
			defaultConfigurationIsVisible = 0;
			defaultConfigurationName = Release;
		};
		2D0F42A42E55CB5D005FDB44 /* Build configuration list for PBXNativeTarget "MutualFundsApp" */ = {
			isa = XCConfigurationList;
			buildConfigurations = (
				2D0F42A52E55CB5D005FDB44 /* Debug */,
				2D0F42A62E55CB5D005FDB44 /* Release */,
			);
			defaultConfigurationIsVisible = 0;
			defaultConfigurationName = Release;
		};
		2D0F42A72E55CB5D005FDB44 /* Build configuration list for PBXNativeTarget "MutualFundsAppTests" */ = {
			isa = XCConfigurationList;
			buildConfigurations = (
				2D0F42A82E55CB5D005FDB44 /* Debug */,
				2D0F42A92E55CB5D005FDB44 /* Release */,
			);
			defaultConfigurationIsVisible = 0;
			defaultConfigurationName = Release;
		};
		2D0F42AA2E55CB5D005FDB44 /* Build configuration list for PBXNativeTarget "MutualFundsAppUITests" */ = {
			isa = XCConfigurationList;
			buildConfigurations = (
				2D0F42AB2E55CB5D005FDB44 /* Debug */,
				2D0F42AC2E55CB5D005FDB44 /* Release */,
			);
			defaultConfigurationIsVisible = 0;
			defaultConfigurationName = Release;
		};
/* End XCConfigurationList section */

/* Begin XCRemoteSwiftPackageReference section */
		2D5773FE2E564CC300ADEF45 /* XCRemoteSwiftPackageReference "firebase-ios-sdk" */ = {
			isa = XCRemoteSwiftPackageReference;
			repositoryURL = "https://github.com/firebase/firebase-ios-sdk";
			requirement = {
				kind = upToNextMajorVersion;
				minimumVersion = 12.1.0;
			};
		};
/* End XCRemoteSwiftPackageReference section */

/* Begin XCSwiftPackageProductDependency section */
		2D5773FF2E564CC300ADEF45 /* FirebaseAI */ = {
			isa = XCSwiftPackageProductDependency;
			package = 2D5773FE2E564CC300ADEF45 /* XCRemoteSwiftPackageReference "firebase-ios-sdk" */;
			productName = FirebaseAI;
		};
		2D5774012E564CC300ADEF45 /* FirebaseAnalytics */ = {
			isa = XCSwiftPackageProductDependency;
			package = 2D5773FE2E564CC300ADEF45 /* XCRemoteSwiftPackageReference "firebase-ios-sdk" */;
			productName = FirebaseAnalytics;
		};
		2D5774032E564CC300ADEF45 /* FirebaseAnalyticsCore */ = {
			isa = XCSwiftPackageProductDependency;
			package = 2D5773FE2E564CC300ADEF45 /* XCRemoteSwiftPackageReference "firebase-ios-sdk" */;
			productName = FirebaseAnalyticsCore;
		};
		2D5774052E564CC300ADEF45 /* FirebaseAnalyticsIdentitySupport */ = {
			isa = XCSwiftPackageProductDependency;
			package = 2D5773FE2E564CC300ADEF45 /* XCRemoteSwiftPackageReference "firebase-ios-sdk" */;
			productName = FirebaseAnalyticsIdentitySupport;
		};
		2D5774072E564CC300ADEF45 /* FirebaseAppCheck */ = {
			isa = XCSwiftPackageProductDependency;
			package = 2D5773FE2E564CC300ADEF45 /* XCRemoteSwiftPackageReference "firebase-ios-sdk" */;
			productName = FirebaseAppCheck;
		};
		2D5774092E564F2700ADEF45 /* FirebaseAppDistribution-Beta */ = {
			isa = XCSwiftPackageProductDependency;
			package = 2D5773FE2E564CC300ADEF45 /* XCRemoteSwiftPackageReference "firebase-ios-sdk" */;
			productName = "FirebaseAppDistribution-Beta";
		};
		2D57740B2E564F2700ADEF45 /* FirebaseAuth */ = {
			isa = XCSwiftPackageProductDependency;
			package = 2D5773FE2E564CC300ADEF45 /* XCRemoteSwiftPackageReference "firebase-ios-sdk" */;
			productName = FirebaseAuth;
		};
		2D57740D2E564F2700ADEF45 /* FirebaseAuthCombine-Community */ = {
			isa = XCSwiftPackageProductDependency;
			package = 2D5773FE2E564CC300ADEF45 /* XCRemoteSwiftPackageReference "firebase-ios-sdk" */;
			productName = "FirebaseAuthCombine-Community";
		};
		2D57740F2E564F2700ADEF45 /* FirebaseCore */ = {
			isa = XCSwiftPackageProductDependency;
			package = 2D5773FE2E564CC300ADEF45 /* XCRemoteSwiftPackageReference "firebase-ios-sdk" */;
			productName = FirebaseCore;
		};
		2D5774112E564F2700ADEF45 /* FirebaseCrashlytics */ = {
			isa = XCSwiftPackageProductDependency;
			package = 2D5773FE2E564CC300ADEF45 /* XCRemoteSwiftPackageReference "firebase-ios-sdk" */;
			productName = FirebaseCrashlytics;
		};
		2D5774132E564F2700ADEF45 /* FirebaseDatabase */ = {
			isa = XCSwiftPackageProductDependency;
			package = 2D5773FE2E564CC300ADEF45 /* XCRemoteSwiftPackageReference "firebase-ios-sdk" */;
			productName = FirebaseDatabase;
		};
		2D5774152E564F2700ADEF45 /* FirebaseFirestore */ = {
			isa = XCSwiftPackageProductDependency;
			package = 2D5773FE2E564CC300ADEF45 /* XCRemoteSwiftPackageReference "firebase-ios-sdk" */;
			productName = FirebaseFirestore;
		};
		2D5774172E564F2700ADEF45 /* FirebaseFirestoreCombine-Community */ = {
			isa = XCSwiftPackageProductDependency;
			package = 2D5773FE2E564CC300ADEF45 /* XCRemoteSwiftPackageReference "firebase-ios-sdk" */;
			productName = "FirebaseFirestoreCombine-Community";
		};
		2D5774192E564F2700ADEF45 /* FirebaseFunctions */ = {
			isa = XCSwiftPackageProductDependency;
			package = 2D5773FE2E564CC300ADEF45 /* XCRemoteSwiftPackageReference "firebase-ios-sdk" */;
			productName = FirebaseFunctions;
		};
		2D57741B2E564F2700ADEF45 /* FirebaseFunctionsCombine-Community */ = {
			isa = XCSwiftPackageProductDependency;
			package = 2D5773FE2E564CC300ADEF45 /* XCRemoteSwiftPackageReference "firebase-ios-sdk" */;
			productName = "FirebaseFunctionsCombine-Community";
		};
		2D57741D2E564F2700ADEF45 /* FirebaseInAppMessaging-Beta */ = {
			isa = XCSwiftPackageProductDependency;
			package = 2D5773FE2E564CC300ADEF45 /* XCRemoteSwiftPackageReference "firebase-ios-sdk" */;
			productName = "FirebaseInAppMessaging-Beta";
		};
		2D57741F2E564F2700ADEF45 /* FirebaseInstallations */ = {
			isa = XCSwiftPackageProductDependency;
			package = 2D5773FE2E564CC300ADEF45 /* XCRemoteSwiftPackageReference "firebase-ios-sdk" */;
			productName = FirebaseInstallations;
		};
		2D5774212E564F2700ADEF45 /* FirebaseMLModelDownloader */ = {
			isa = XCSwiftPackageProductDependency;
			package = 2D5773FE2E564CC300ADEF45 /* XCRemoteSwiftPackageReference "firebase-ios-sdk" */;
			productName = FirebaseMLModelDownloader;
		};
		2D5774232E564F2700ADEF45 /* FirebaseMessaging */ = {
			isa = XCSwiftPackageProductDependency;
			package = 2D5773FE2E564CC300ADEF45 /* XCRemoteSwiftPackageReference "firebase-ios-sdk" */;
			productName = FirebaseMessaging;
		};
		2D5774252E564F2700ADEF45 /* FirebasePerformance */ = {
			isa = XCSwiftPackageProductDependency;
			package = 2D5773FE2E564CC300ADEF45 /* XCRemoteSwiftPackageReference "firebase-ios-sdk" */;
			productName = FirebasePerformance;
		};
		2D5774272E564F2700ADEF45 /* FirebaseRemoteConfig */ = {
			isa = XCSwiftPackageProductDependency;
			package = 2D5773FE2E564CC300ADEF45 /* XCRemoteSwiftPackageReference "firebase-ios-sdk" */;
			productName = FirebaseRemoteConfig;
		};
		2D5774292E564F2700ADEF45 /* FirebaseStorage */ = {
			isa = XCSwiftPackageProductDependency;
			package = 2D5773FE2E564CC300ADEF45 /* XCRemoteSwiftPackageReference "firebase-ios-sdk" */;
			productName = FirebaseStorage;
		};
		2D57742B2E564F2700ADEF45 /* FirebaseStorageCombine-Community */ = {
			isa = XCSwiftPackageProductDependency;
			package = 2D5773FE2E564CC300ADEF45 /* XCRemoteSwiftPackageReference "firebase-ios-sdk" */;
			productName = "FirebaseStorageCombine-Community";
		};
/* End XCSwiftPackageProductDependency section */
	};
	rootObject = 2D0F427B2E55CB58005FDB44 /* Project object */;
}
